
Microsoft Visual Studio Solution File, Format Version 12.00
# Visual Studio Version 17
VisualStudioVersion = 17.5.33516.290
MinimumVisualStudioVersion = 10.0.40219.1
Project("{9A19103F-16F7-4668-BE54-9A1E7A4F7556}") = "part2_belt", "part2_belt.csproj", "{864ACD3E-61A1-4CF0-BA75-8BCB6AD267C1}"
EndProject
Project("{F14B399A-7131-4C87-9E4B-1186C45EF12D}") = "part3_belt", "..\part3_belt\part3_belt.rptproj", "{2E939AF8-F068-4AB1-84E2-EB71DDCF37AA}"
EndProject
Global
	GlobalSection(SolutionConfigurationPlatforms) = preSolution
		Debug|Any CPU = Debug|Any CPU
		DebugLocal|Any CPU = DebugLocal|Any CPU
		Release|Any CPU = Release|Any CPU
	EndGlobalSection
	GlobalSection(ProjectConfigurationPlatforms) = postSolution
		{864ACD3E-61A1-4CF0-BA75-8BCB6AD267C1}.Debug|Any CPU.ActiveCfg = Debug|Any CPU
		{864ACD3E-61A1-4CF0-BA75-8BCB6AD267C1}.Debug|Any CPU.Build.0 = Debug|Any CPU
		{864ACD3E-61A1-4CF0-BA75-8BCB6AD267C1}.DebugLocal|Any CPU.ActiveCfg = Debug|Any CPU
		{864ACD3E-61A1-4CF0-BA75-8BCB6AD267C1}.DebugLocal|Any CPU.Build.0 = Debug|Any CPU
		{864ACD3E-61A1-4CF0-BA75-8BCB6AD267C1}.Release|Any CPU.ActiveCfg = Release|Any CPU
		{864ACD3E-61A1-4CF0-BA75-8BCB6AD267C1}.Release|Any CPU.Build.0 = Release|Any CPU
		{2E939AF8-F068-4AB1-84E2-EB71DDCF37AA}.Debug|Any CPU.ActiveCfg = Debug
		{2E939AF8-F068-4AB1-84E2-EB71DDCF37AA}.Debug|Any CPU.Build.0 = Debug
		{2E939AF8-F068-4AB1-84E2-EB71DDCF37AA}.Debug|Any CPU.Deploy.0 = Debug
		{2E939AF8-F068-4AB1-84E2-EB71DDCF37AA}.DebugLocal|Any CPU.ActiveCfg = DebugLocal
		{2E939AF8-F068-4AB1-84E2-EB71DDCF37AA}.DebugLocal|Any CPU.Build.0 = DebugLocal
		{2E939AF8-F068-4AB1-84E2-EB71DDCF37AA}.Release|Any CPU.ActiveCfg = Release
		{2E939AF8-F068-4AB1-84E2-EB71DDCF37AA}.Release|Any CPU.Build.0 = Release
		{2E939AF8-F068-4AB1-84E2-EB71DDCF37AA}.Release|Any CPU.Deploy.0 = Release
	EndGlobalSection
	GlobalSection(SolutionProperties) = preSolution
		HideSolutionNode = FALSE
	EndGlobalSection
	GlobalSection(ExtensibilityGlobals) = postSolution
		SolutionGuid = {E42D0AC8-0972-49B9-920B-E844233610FD}
	EndGlobalSection
EndGlobal
